
Microsoft Visual Studio Solution File, Format Version 12.00
# Visual Studio Version 16
VisualStudioVersion = 16.0.29613.14
MinimumVisualStudioVersion = 10.0.40219.1
Project("{8BC9CEB8-8B4A-11D0-8D11-00A0C91BC942}") = "Mandelbrot_Set", "Mandelbrot_Set\Mandelbrot_Set.vcxproj", "{EAD2D93C-6244-4E25-A151-FEB36345D564}"
EndProject
Global
	GlobalSection(SolutionConfigurationPlatforms) = preSolution
		Debug|x64 = Debug|x64
		Debug|x86 = Debug|x86
		Release|x64 = Release|x64
		Release|x86 = Release|x86
	EndGlobalSection
	GlobalSection(ProjectConfigurationPlatforms) = postSolution
		{EAD2D93C-6244-4E25-A151-FEB36345D564}.Debug|x64.ActiveCfg = Debug|x64
		{EAD2D93C-6244-4E25-A151-FEB36345D564}.Debug|x64.Build.0 = Debug|x64
		{EAD2D93C-6244-4E25-A151-FEB36345D564}.Debug|x86.ActiveCfg = Debug|Win32
		{EAD2D93C-6244-4E25-A151-FEB36345D564}.Debug|x86.Build.0 = Debug|Win32
		{EAD2D93C-6244-4E25-A151-FEB36345D564}.Release|x64.ActiveCfg = Release|x64
		{EAD2D93C-6244-4E25-A151-FEB36345D564}.Release|x64.Build.0 = Release|x64
		{EAD2D93C-6244-4E25-A151-FEB36345D564}.Release|x86.ActiveCfg = Release|Win32
		{EAD2D93C-6244-4E25-A151-FEB36345D564}.Release|x86.Build.0 = Release|Win32
	EndGlobalSection
	GlobalSection(SolutionProperties) = preSolution
		HideSolutionNode = FALSE
	EndGlobalSection
	GlobalSection(ExtensibilityGlobals) = postSolution
		SolutionGuid = {02913FE9-ADB2-4CD3-BBEA-FCD783D5A58F}
	EndGlobalSection
EndGlobal
